
Microsoft Visual Studio Solution File, Format Version 12.00
# Visual Studio Version 17
VisualStudioVersion = 17.7.34221.43
MinimumVisualStudioVersion = 10.0.40219.1
Project("{FAE04EC0-301F-11D3-BF4B-00C04F79EFBC}") = "pers1", "pers1\pers1.csproj", "{5867076A-DE70-4696-B750-7BC9C3640A0E}"
EndProject
Global
	GlobalSection(SolutionConfigurationPlatforms) = preSolution
		Debug|Any CPU = Debug|Any CPU
		Release|Any CPU = Release|Any CPU
	EndGlobalSection
	GlobalSection(ProjectConfigurationPlatforms) = postSolution
		{5867076A-DE70-4696-B750-7BC9C3640A0E}.Debug|Any CPU.ActiveCfg = Debug|Any CPU
		{5867076A-DE70-4696-B750-7BC9C3640A0E}.Debug|Any CPU.Build.0 = Debug|Any CPU
		{5867076A-DE70-4696-B750-7BC9C3640A0E}.Release|Any CPU.ActiveCfg = Release|Any CPU
		{5867076A-DE70-4696-B750-7BC9C3640A0E}.Release|Any CPU.Build.0 = Release|Any CPU
	EndGlobalSection
	GlobalSection(SolutionProperties) = preSolution
		HideSolutionNode = FALSE
	EndGlobalSection
	GlobalSection(ExtensibilityGlobals) = postSolution
		SolutionGuid = {96FBE6CB-EA3A-4B2F-AD8E-38D36CE0EA5B}
	EndGlobalSection
EndGlobal
